
Microsoft Visual Studio Solution File, Format Version 12.00
# Visual Studio Version 17
VisualStudioVersion = 17.5.33502.453
MinimumVisualStudioVersion = 10.0.40219.1
Project("{9A19103F-16F7-4668-BE54-9A1E7A4F7556}") = "SafariSync_API", "SafariSync_API\SafariSync_API.csproj", "{950BFB95-9575-44AB-AD80-28BDCEBFD2BF}"
EndProject
Global
	GlobalSection(SolutionConfigurationPlatforms) = preSolution
		Debug|Any CPU = Debug|Any CPU
		Release|Any CPU = Release|Any CPU
	EndGlobalSection
	GlobalSection(ProjectConfigurationPlatforms) = postSolution
		{950BFB95-9575-44AB-AD80-28BDCEBFD2BF}.Debug|Any CPU.ActiveCfg = Debug|Any CPU
		{950BFB95-9575-44AB-AD80-28BDCEBFD2BF}.Debug|Any CPU.Build.0 = Debug|Any CPU
		{950BFB95-9575-44AB-AD80-28BDCEBFD2BF}.Release|Any CPU.ActiveCfg = Release|Any CPU
		{950BFB95-9575-44AB-AD80-28BDCEBFD2BF}.Release|Any CPU.Build.0 = Release|Any CPU
	EndGlobalSection
	GlobalSection(SolutionProperties) = preSolution
		HideSolutionNode = FALSE
	EndGlobalSection
	GlobalSection(ExtensibilityGlobals) = postSolution
		SolutionGuid = {7B9DA7FD-019E-46B3-A293-3E738A3E13DD}
	EndGlobalSection
EndGlobal
